// !$*UTF8*$!
{
	archiveVersion = 1;
	classes = {
	};
	objectVersion = 46;
	objects = {

/* Begin PBXBuildFile section */
		C0CA9C9EBE015F43AF328744 /* Pods_Instagram.framework in Frameworks */ = {isa = PBXBuildFile; fileRef = 64E1051F2905A25CB00DDA56 /* Pods_Instagram.framework */; };
		CF17B2371C949AB500CF63B4 /* PostCell.swift in Sources */ = {isa = PBXBuildFile; fileRef = CF17B2361C949AB500CF63B4 /* PostCell.swift */; };
		CF17B2391C94BFE300CF63B4 /* SignUpViewController.swift in Sources */ = {isa = PBXBuildFile; fileRef = CF17B2381C94BFE300CF63B4 /* SignUpViewController.swift */; };
		CF25D2A61C96350600AC734C /* PostCollectionViewCell.swift in Sources */ = {isa = PBXBuildFile; fileRef = CF25D2A51C96350600AC734C /* PostCollectionViewCell.swift */; };
		CFB8543D1C94EDE1003E6BF0 /* User.swift in Sources */ = {isa = PBXBuildFile; fileRef = CFB8543C1C94EDE1003E6BF0 /* User.swift */; };
		CFE10BCF1C9382C700E424CC /* AppDelegate.swift in Sources */ = {isa = PBXBuildFile; fileRef = CFE10BCE1C9382C700E424CC /* AppDelegate.swift */; };
		CFE10BD41C9382C700E424CC /* Main.storyboard in Resources */ = {isa = PBXBuildFile; fileRef = CFE10BD21C9382C700E424CC /* Main.storyboard */; };
		CFE10BD61C9382C700E424CC /* Assets.xcassets in Resources */ = {isa = PBXBuildFile; fileRef = CFE10BD51C9382C700E424CC /* Assets.xcassets */; };
		CFE10BD91C9382C700E424CC /* LaunchScreen.storyboard in Resources */ = {isa = PBXBuildFile; fileRef = CFE10BD71C9382C700E424CC /* LaunchScreen.storyboard */; };
		CFE10BE11C93857200E424CC /* LoginViewController.swift in Sources */ = {isa = PBXBuildFile; fileRef = CFE10BE01C93857200E424CC /* LoginViewController.swift */; };
		CFE10BE31C938BEA00E424CC /* HomeViewController.swift in Sources */ = {isa = PBXBuildFile; fileRef = CFE10BE21C938BEA00E424CC /* HomeViewController.swift */; };
		CFE10BE91C93909A00E424CC /* Post.swift in Sources */ = {isa = PBXBuildFile; fileRef = CFE10BE81C93909A00E424CC /* Post.swift */; };
		CFE10BED1C93A00800E424CC /* InstagramClient.swift in Sources */ = {isa = PBXBuildFile; fileRef = CFE10BEC1C93A00800E424CC /* InstagramClient.swift */; };
		CFE10BF11C93B27700E424CC /* PostViewController.swift in Sources */ = {isa = PBXBuildFile; fileRef = CFE10BF01C93B27700E424CC /* PostViewController.swift */; };
		CFE10BF31C93B28600E424CC /* UserProfileViewController.swift in Sources */ = {isa = PBXBuildFile; fileRef = CFE10BF21C93B28600E424CC /* UserProfileViewController.swift */; };
/* End PBXBuildFile section */

/* Begin PBXFileReference section */
		64E1051F2905A25CB00DDA56 /* Pods_Instagram.framework */ = {isa = PBXFileReference; explicitFileType = wrapper.framework; includeInIndex = 0; path = Pods_Instagram.framework; sourceTree = BUILT_PRODUCTS_DIR; };
		6D7AF3BE1F31D1C36F950315 /* Pods-Instagram.debug.xcconfig */ = {isa = PBXFileReference; includeInIndex = 1; lastKnownFileType = text.xcconfig; name = "Pods-Instagram.debug.xcconfig"; path = "Pods/Target Support Files/Pods-Instagram/Pods-Instagram.debug.xcconfig"; sourceTree = "<group>"; };
		9AF951AB302DF7E7AF1042A6 /* Pods-Instagram.release.xcconfig */ = {isa = PBXFileReference; includeInIndex = 1; lastKnownFileType = text.xcconfig; name = "Pods-Instagram.release.xcconfig"; path = "Pods/Target Support Files/Pods-Instagram/Pods-Instagram.release.xcconfig"; sourceTree = "<group>"; };
		CF17B2361C949AB500CF63B4 /* PostCell.swift */ = {isa = PBXFileReference; fileEncoding = 4; lastKnownFileType = sourcecode.swift; path = PostCell.swift; sourceTree = "<group>"; };
		CF17B2381C94BFE300CF63B4 /* SignUpViewController.swift */ = {isa = PBXFileReference; fileEncoding = 4; lastKnownFileType = sourcecode.swift; path = SignUpViewController.swift; sourceTree = "<group>"; };
		CF25D2A51C96350600AC734C /* PostCollectionViewCell.swift */ = {isa = PBXFileReference; fileEncoding = 4; lastKnownFileType = sourcecode.swift; path = PostCollectionViewCell.swift; sourceTree = "<group>"; };
		CFB8543C1C94EDE1003E6BF0 /* User.swift */ = {isa = PBXFileReference; fileEncoding = 4; lastKnownFileType = sourcecode.swift; path = User.swift; sourceTree = "<group>"; };
		CFE10BCB1C9382C700E424CC /* Instagram.app */ = {isa = PBXFileReference; explicitFileType = wrapper.application; includeInIndex = 0; path = Instagram.app; sourceTree = BUILT_PRODUCTS_DIR; };
		CFE10BCE1C9382C700E424CC /* AppDelegate.swift */ = {isa = PBXFileReference; lastKnownFileType = sourcecode.swift; path = AppDelegate.swift; sourceTree = "<group>"; };
		CFE10BD31C9382C700E424CC /* Base */ = {isa = PBXFileReference; lastKnownFileType = file.storyboard; name = Base; path = Base.lproj/Main.storyboard; sourceTree = "<group>"; };
		CFE10BD51C9382C700E424CC /* Assets.xcassets */ = {isa = PBXFileReference; lastKnownFileType = folder.assetcatalog; path = Assets.xcassets; sourceTree = "<group>"; };
		CFE10BD81C9382C700E424CC /* Base */ = {isa = PBXFileReference; lastKnownFileType = file.storyboard; name = Base; path = Base.lproj/LaunchScreen.storyboard; sourceTree = "<group>"; };
		CFE10BDA1C9382C700E424CC /* Info.plist */ = {isa = PBXFileReference; lastKnownFileType = text.plist.xml; path = Info.plist; sourceTree = "<group>"; };
		CFE10BE01C93857200E424CC /* LoginViewController.swift */ = {isa = PBXFileReference; fileEncoding = 4; lastKnownFileType = sourcecode.swift; path = LoginViewController.swift; sourceTree = "<group>"; };
		CFE10BE21C938BEA00E424CC /* HomeViewController.swift */ = {isa = PBXFileReference; fileEncoding = 4; lastKnownFileType = sourcecode.swift; path = HomeViewController.swift; sourceTree = "<group>"; };
		CFE10BE81C93909A00E424CC /* Post.swift */ = {isa = PBXFileReference; fileEncoding = 4; lastKnownFileType = sourcecode.swift; path = Post.swift; sourceTree = "<group>"; };
		CFE10BEC1C93A00800E424CC /* InstagramClient.swift */ = {isa = PBXFileReference; fileEncoding = 4; lastKnownFileType = sourcecode.swift; path = InstagramClient.swift; sourceTree = "<group>"; };
		CFE10BF01C93B27700E424CC /* PostViewController.swift */ = {isa = PBXFileReference; fileEncoding = 4; lastKnownFileType = sourcecode.swift; path = PostViewController.swift; sourceTree = "<group>"; };
		CFE10BF21C93B28600E424CC /* UserProfileViewController.swift */ = {isa = PBXFileReference; fileEncoding = 4; lastKnownFileType = sourcecode.swift; path = UserProfileViewController.swift; sourceTree = "<group>"; };
/* End PBXFileReference section */

/* Begin PBXFrameworksBuildPhase section */
		CFE10BC81C9382C700E424CC /* Frameworks */ = {
			isa = PBXFrameworksBuildPhase;
			buildActionMask = 2147483647;
			files = (
				C0CA9C9EBE015F43AF328744 /* Pods_Instagram.framework in Frameworks */,
			);
			runOnlyForDeploymentPostprocessing = 0;
		};
/* End PBXFrameworksBuildPhase section */

/* Begin PBXGroup section */
		7A21A50FA409AE2DB916AFD4 /* Pods */ = {
			isa = PBXGroup;
			children = (
				6D7AF3BE1F31D1C36F950315 /* Pods-Instagram.debug.xcconfig */,
				9AF951AB302DF7E7AF1042A6 /* Pods-Instagram.release.xcconfig */,
			);
			name = Pods;
			sourceTree = "<group>";
		};
		CF17B2351C949A8F00CF63B4 /* Views */ = {
			isa = PBXGroup;
			children = (
				CF17B2361C949AB500CF63B4 /* PostCell.swift */,
				CF25D2A51C96350600AC734C /* PostCollectionViewCell.swift */,
			);
			name = Views;
			sourceTree = "<group>";
		};
		CFE10BC21C9382C700E424CC = {
			isa = PBXGroup;
			children = (
				CFE10BCD1C9382C700E424CC /* Instagram */,
				CFE10BCC1C9382C700E424CC /* Products */,
				7A21A50FA409AE2DB916AFD4 /* Pods */,
				E23108A36599103AD19A27B3 /* Frameworks */,
			);
			sourceTree = "<group>";
		};
		CFE10BCC1C9382C700E424CC /* Products */ = {
			isa = PBXGroup;
			children = (
				CFE10BCB1C9382C700E424CC /* Instagram.app */,
			);
			name = Products;
			sourceTree = "<group>";
		};
		CFE10BCD1C9382C700E424CC /* Instagram */ = {
			isa = PBXGroup;
			children = (
				CF17B2351C949A8F00CF63B4 /* Views */,
				CFE10BEB1C939FE600E424CC /* API */,
				CFE10BE51C93904100E424CC /* Models */,
				CFE10BE41C938EE400E424CC /* View Controllers */,
				CFE10BCE1C9382C700E424CC /* AppDelegate.swift */,
				CFE10BD21C9382C700E424CC /* Main.storyboard */,
				CFE10BD51C9382C700E424CC /* Assets.xcassets */,
				CFE10BD71C9382C700E424CC /* LaunchScreen.storyboard */,
				CFE10BDA1C9382C700E424CC /* Info.plist */,
			);
			path = Instagram;
			sourceTree = "<group>";
		};
		CFE10BE41C938EE400E424CC /* View Controllers */ = {
			isa = PBXGroup;
			children = (
				CFE10BE01C93857200E424CC /* LoginViewController.swift */,
				CF17B2381C94BFE300CF63B4 /* SignUpViewController.swift */,
				CFE10BE21C938BEA00E424CC /* HomeViewController.swift */,
				CFE10BF01C93B27700E424CC /* PostViewController.swift */,
				CFE10BF21C93B28600E424CC /* UserProfileViewController.swift */,
			);
			name = "View Controllers";
			sourceTree = "<group>";
		};
		CFE10BE51C93904100E424CC /* Models */ = {
			isa = PBXGroup;
			children = (
				CFE10BE81C93909A00E424CC /* Post.swift */,
				CFB8543C1C94EDE1003E6BF0 /* User.swift */,
			);
			name = Models;
			sourceTree = "<group>";
		};
		CFE10BEB1C939FE600E424CC /* API */ = {
			isa = PBXGroup;
			children = (
				CFE10BEC1C93A00800E424CC /* InstagramClient.swift */,
			);
			name = API;
			sourceTree = "<group>";
		};
		E23108A36599103AD19A27B3 /* Frameworks */ = {
			isa = PBXGroup;
			children = (
				64E1051F2905A25CB00DDA56 /* Pods_Instagram.framework */,
			);
			name = Frameworks;
			sourceTree = "<group>";
		};
/* End PBXGroup section */

/* Begin PBXNativeTarget section */
		CFE10BCA1C9382C700E424CC /* Instagram */ = {
			isa = PBXNativeTarget;
			buildConfigurationList = CFE10BDD1C9382C700E424CC /* Build configuration list for PBXNativeTarget "Instagram" */;
			buildPhases = (
				F1F10D9FD5103BD5EA981C5D /* Check Pods Manifest.lock */,
				CFE10BC71C9382C700E424CC /* Sources */,
				CFE10BC81C9382C700E424CC /* Frameworks */,
				CFE10BC91C9382C700E424CC /* Resources */,
				8C4BC7EE1F3D8384BAB36CDB /* Embed Pods Frameworks */,
				5D7062E66F2D88CFA0B66E19 /* Copy Pods Resources */,
			);
			buildRules = (
			);
			dependencies = (
			);
			name = Instagram;
			productName = Instagram;
			productReference = CFE10BCB1C9382C700E424CC /* Instagram.app */;
			productType = "com.apple.product-type.application";
		};
/* End PBXNativeTarget section */

/* Begin PBXProject section */
		CFE10BC31C9382C700E424CC /* Project object */ = {
			isa = PBXProject;
			attributes = {
				LastSwiftUpdateCheck = 0720;
				LastUpgradeCheck = 0720;
				ORGANIZATIONNAME = "Harpreet Singh";
				TargetAttributes = {
					CFE10BCA1C9382C700E424CC = {
						CreatedOnToolsVersion = 7.2.1;
						DevelopmentTeam = CZ4DHG4SWH;
					};
				};
			};
			buildConfigurationList = CFE10BC61C9382C700E424CC /* Build configuration list for PBXProject "Instagram" */;
			compatibilityVersion = "Xcode 3.2";
			developmentRegion = English;
			hasScannedForEncodings = 0;
			knownRegions = (
				en,
				Base,
			);
			mainGroup = CFE10BC21C9382C700E424CC;
			productRefGroup = CFE10BCC1C9382C700E424CC /* Products */;
			projectDirPath = "";
			projectRoot = "";
			targets = (
				CFE10BCA1C9382C700E424CC /* Instagram */,
			);
		};
/* End PBXProject section */

/* Begin PBXResourcesBuildPhase section */
		CFE10BC91C9382C700E424CC /* Resources */ = {
			isa = PBXResourcesBuildPhase;
			buildActionMask = 2147483647;
			files = (
				CFE10BD91C9382C700E424CC /* LaunchScreen.storyboard in Resources */,
				CFE10BD61C9382C700E424CC /* Assets.xcassets in Resources */,
				CFE10BD41C9382C700E424CC /* Main.storyboard in Resources */,
			);
			runOnlyForDeploymentPostprocessing = 0;
		};
/* End PBXResourcesBuildPhase section */

/* Begin PBXShellScriptBuildPhase section */
		5D7062E66F2D88CFA0B66E19 /* Copy Pods Resources */ = {
			isa = PBXShellScriptBuildPhase;
			buildActionMask = 2147483647;
			files = (
			);
			inputPaths = (
			);
			name = "Copy Pods Resources";
			outputPaths = (
			);
			runOnlyForDeploymentPostprocessing = 0;
			shellPath = /bin/sh;
			shellScript = "\"${SRCROOT}/Pods/Target Support Files/Pods-Instagram/Pods-Instagram-resources.sh\"\n";
			showEnvVarsInLog = 0;
		};
		8C4BC7EE1F3D8384BAB36CDB /* Embed Pods Frameworks */ = {
			isa = PBXShellScriptBuildPhase;
			buildActionMask = 2147483647;
			files = (
			);
			inputPaths = (
			);
			name = "Embed Pods Frameworks";
			outputPaths = (
			);
			runOnlyForDeploymentPostprocessing = 0;
			shellPath = /bin/sh;
			shellScript = "\"${SRCROOT}/Pods/Target Support Files/Pods-Instagram/Pods-Instagram-frameworks.sh\"\n";
			showEnvVarsInLog = 0;
		};
		F1F10D9FD5103BD5EA981C5D /* Check Pods Manifest.lock */ = {
			isa = PBXShellScriptBuildPhase;
			buildActionMask = 2147483647;
			files = (
			);
			inputPaths = (
			);
			name = "Check Pods Manifest.lock";
			outputPaths = (
			);
			runOnlyForDeploymentPostprocessing = 0;
			shellPath = /bin/sh;
			shellScript = "diff \"${PODS_ROOT}/../Podfile.lock\" \"${PODS_ROOT}/Manifest.lock\" > /dev/null\nif [[ $? != 0 ]] ; then\n    cat << EOM\nerror: The sandbox is not in sync with the Podfile.lock. Run 'pod install' or update your CocoaPods installation.\nEOM\n    exit 1\nfi\n";
			showEnvVarsInLog = 0;
		};
/* End PBXShellScriptBuildPhase section */

/* Begin PBXSourcesBuildPhase section */
		CFE10BC71C9382C700E424CC /* Sources */ = {
			isa = PBXSourcesBuildPhase;
			buildActionMask = 2147483647;
			files = (
				CFE10BF11C93B27700E424CC /* PostViewController.swift in Sources */,
				CFE10BE11C93857200E424CC /* LoginViewController.swift in Sources */,
				CFE10BF31C93B28600E424CC /* UserProfileViewController.swift in Sources */,
				CFE10BCF1C9382C700E424CC /* AppDelegate.swift in Sources */,
				CFE10BE31C938BEA00E424CC /* HomeViewController.swift in Sources */,
				CFE10BE91C93909A00E424CC /* Post.swift in Sources */,
				CF17B2391C94BFE300CF63B4 /* SignUpViewController.swift in Sources */,
				CFE10BED1C93A00800E424CC /* InstagramClient.swift in Sources */,
				CF25D2A61C96350600AC734C /* PostCollectionViewCell.swift in Sources */,
				CFB8543D1C94EDE1003E6BF0 /* User.swift in Sources */,
				CF17B2371C949AB500CF63B4 /* PostCell.swift in Sources */,
			);
			runOnlyForDeploymentPostprocessing = 0;
		};
/* End PBXSourcesBuildPhase section */

/* Begin PBXVariantGroup section */
		CFE10BD21C9382C700E424CC /* Main.storyboard */ = {
			isa = PBXVariantGroup;
			children = (
				CFE10BD31C9382C700E424CC /* Base */,
			);
			name = Main.storyboard;
			sourceTree = "<group>";
		};
		CFE10BD71C9382C700E424CC /* LaunchScreen.storyboard */ = {
			isa = PBXVariantGroup;
			children = (
				CFE10BD81C9382C700E424CC /* Base */,
			);
			name = LaunchScreen.storyboard;
			sourceTree = "<group>";
		};
/* End PBXVariantGroup section */

/* Begin XCBuildConfiguration section */
		CFE10BDB1C9382C700E424CC /* Debug */ = {
			isa = XCBuildConfiguration;
			buildSettings = {
				ALWAYS_SEARCH_USER_PATHS = NO;
				CLANG_CXX_LANGUAGE_STANDARD = "gnu++0x";
				CLANG_CXX_LIBRARY = "libc++";
				CLANG_ENABLE_MODULES = YES;
				CLANG_ENABLE_OBJC_ARC = YES;
				CLANG_WARN_BOOL_CONVERSION = YES;
				CLANG_WARN_CONSTANT_CONVERSION = YES;
				CLANG_WARN_DIRECT_OBJC_ISA_USAGE = YES_ERROR;
				CLANG_WARN_EMPTY_BODY = YES;
				CLANG_WARN_ENUM_CONVERSION = YES;
				CLANG_WARN_INT_CONVERSION = YES;
				CLANG_WARN_OBJC_ROOT_CLASS = YES_ERROR;
				CLANG_WARN_UNREACHABLE_CODE = YES;
				CLANG_WARN__DUPLICATE_METHOD_MATCH = YES;
				"CODE_SIGN_IDENTITY[sdk=iphoneos*]" = "iPhone Developer";
				COPY_PHASE_STRIP = NO;
				DEBUG_INFORMATION_FORMAT = dwarf;
				ENABLE_STRICT_OBJC_MSGSEND = YES;
				ENABLE_TESTABILITY = YES;
				GCC_C_LANGUAGE_STANDARD = gnu99;
				GCC_DYNAMIC_NO_PIC = NO;
				GCC_NO_COMMON_BLOCKS = YES;
				GCC_OPTIMIZATION_LEVEL = 0;
				GCC_PREPROCESSOR_DEFINITIONS = (
					"DEBUG=1",
					"$(inherited)",
				);
				GCC_WARN_64_TO_32_BIT_CONVERSION = YES;
				GCC_WARN_ABOUT_RETURN_TYPE = YES_ERROR;
				GCC_WARN_UNDECLARED_SELECTOR = YES;
				GCC_WARN_UNINITIALIZED_AUTOS = YES_AGGRESSIVE;
				GCC_WARN_UNUSED_FUNCTION = YES;
				GCC_WARN_UNUSED_VARIABLE = YES;
				IPHONEOS_DEPLOYMENT_TARGET = 9.2;
				MTL_ENABLE_DEBUG_INFO = YES;
				ONLY_ACTIVE_ARCH = YES;
				SDKROOT = iphoneos;
				SWIFT_OPTIMIZATION_LEVEL = "-Onone";
			};
			name = Debug;
		};
		CFE10BDC1C9382C700E424CC /* Release */ = {
			isa = XCBuildConfiguration;
			buildSettings = {
				ALWAYS_SEARCH_USER_PATHS = NO;
				CLANG_CXX_LANGUAGE_STANDARD = "gnu++0x";
				CLANG_CXX_LIBRARY = "libc++";
				CLANG_ENABLE_MODULES = YES;
				CLANG_ENABLE_OBJC_ARC = YES;
				CLANG_WARN_BOOL_CONVERSION = YES;
				CLANG_WARN_CONSTANT_CONVERSION = YES;
				CLANG_WARN_DIRECT_OBJC_ISA_USAGE = YES_ERROR;
				CLANG_WARN_EMPTY_BODY = YES;
				CLANG_WARN_ENUM_CONVERSION = YES;
				CLANG_WARN_INT_CONVERSION = YES;
				CLANG_WARN_OBJC_ROOT_CLASS = YES_ERROR;
				CLANG_WARN_UNREACHABLE_CODE = YES;
				CLANG_WARN__DUPLICATE_METHOD_MATCH = YES;
				"CODE_SIGN_IDENTITY[sdk=iphoneos*]" = "iPhone Developer";
				COPY_PHASE_STRIP = NO;
				DEBUG_INFORMATION_FORMAT = "dwarf-with-dsym";
				ENABLE_NS_ASSERTIONS = NO;
				ENABLE_STRICT_OBJC_MSGSEND = YES;
				GCC_C_LANGUAGE_STANDARD = gnu99;
				GCC_NO_COMMON_BLOCKS = YES;
				GCC_WARN_64_TO_32_BIT_CONVERSION = YES;
				GCC_WARN_ABOUT_RETURN_TYPE = YES_ERROR;
				GCC_WARN_UNDECLARED_SELECTOR = YES;
				GCC_WARN_UNINITIALIZED_AUTOS = YES_AGGRESSIVE;
				GCC_WARN_UNUSED_FUNCTION = YES;
				GCC_WARN_UNUSED_VARIABLE = YES;
				IPHONEOS_DEPLOYMENT_TARGET = 9.2;
				MTL_ENABLE_DEBUG_INFO = NO;
				SDKROOT = iphoneos;
				VALIDATE_PRODUCT = YES;
			};
			name = Release;
		};
		CFE10BDE1C9382C700E424CC /* Debug */ = {
			isa = XCBuildConfiguration;
			baseConfigurationReference = 6D7AF3BE1F31D1C36F950315 /* Pods-Instagram.debug.xcconfig */;
			buildSettings = {
				ASSETCATALOG_COMPILER_APPICON_NAME = AppIcon;
				INFOPLIST_FILE = Instagram/Info.plist;
				LD_RUNPATH_SEARCH_PATHS = "$(inherited) @executable_path/Frameworks";
				PRODUCT_BUNDLE_IDENTIFIER = com.Thardak.Instagram;
				PRODUCT_NAME = "$(TARGET_NAME)";
			};
			name = Debug;
		};
		CFE10BDF1C9382C700E424CC /* Release */ = {
			isa = XCBuildConfiguration;
			baseConfigurationReference = 9AF951AB302DF7E7AF1042A6 /* Pods-Instagram.release.xcconfig */;
			buildSettings = {
				ASSETCATALOG_COMPILER_APPICON_NAME = AppIcon;
				INFOPLIST_FILE = Instagram/Info.plist;
				LD_RUNPATH_SEARCH_PATHS = "$(inherited) @executable_path/Frameworks";
				PRODUCT_BUNDLE_IDENTIFIER = com.Thardak.Instagram;
				PRODUCT_NAME = "$(TARGET_NAME)";
			};
			name = Release;
		};
/* End XCBuildConfiguration section */

/* Begin XCConfigurationList section */
		CFE10BC61C9382C700E424CC /* Build configuration list for PBXProject "Instagram" */ = {
			isa = XCConfigurationList;
			buildConfigurations = (
				CFE10BDB1C9382C700E424CC /* Debug */,
				CFE10BDC1C9382C700E424CC /* Release */,
			);
			defaultConfigurationIsVisible = 0;
			defaultConfigurationName = Release;
		};
		CFE10BDD1C9382C700E424CC /* Build configuration list for PBXNativeTarget "Instagram" */ = {
			isa = XCConfigurationList;
			buildConfigurations = (
				CFE10BDE1C9382C700E424CC /* Debug */,
				CFE10BDF1C9382C700E424CC /* Release */,
			);
			defaultConfigurationIsVisible = 0;
			defaultConfigurationName = Release;
		};
/* End XCConfigurationList section */
	};
	rootObject = CFE10BC31C9382C700E424CC /* Project object */;
}
